
Microsoft Visual Studio Solution File, Format Version 12.00
# Visual Studio Version 17
VisualStudioVersion = 17.8.34511.84
MinimumVisualStudioVersion = 10.0.40219.1
Project("{8BC9CEB8-8B4A-11D0-8D11-00A0C91BC942}") = "NetWriter", "NetWriter\NetWriter.vcxproj", "{78765072-6F58-410C-A3C9-6396BA3650C4}"
EndProject
Global
	GlobalSection(SolutionConfigurationPlatforms) = preSolution
		Debug|x64 = Debug|x64
		Release|x64 = Release|x64
	EndGlobalSection
	GlobalSection(ProjectConfigurationPlatforms) = postSolution
		{78765072-6F58-410C-A3C9-6396BA3650C4}.Debug|x64.ActiveCfg = Debug|x64
		{78765072-6F58-410C-A3C9-6396BA3650C4}.Debug|x64.Build.0 = Debug|x64
		{78765072-6F58-410C-A3C9-6396BA3650C4}.Release|x64.ActiveCfg = Release|x64
		{78765072-6F58-410C-A3C9-6396BA3650C4}.Release|x64.Build.0 = Release|x64
	EndGlobalSection
	GlobalSection(SolutionProperties) = preSolution
		HideSolutionNode = FALSE
	EndGlobalSection
	GlobalSection(ExtensibilityGlobals) = postSolution
		SolutionGuid = {0367F4F2-D2A8-4864-82A9-A87D192A857D}
	EndGlobalSection
EndGlobal
